
Microsoft Visual Studio Solution File, Format Version 12.00
# Visual Studio Version 17
VisualStudioVersion = 17.7.34024.191
MinimumVisualStudioVersion = 10.0.40219.1
Project("{FAE04EC0-301F-11D3-BF4B-00C04F79EFBC}") = "ChattingWebApp_SignalR", "ChattingWebApp_SignalR\ChattingWebApp_SignalR.csproj", "{2BE55675-50E6-49B5-B4A3-ACFCA12B7BB0}"
EndProject
Global
	GlobalSection(SolutionConfigurationPlatforms) = preSolution
		Debug|Any CPU = Debug|Any CPU
		Release|Any CPU = Release|Any CPU
	EndGlobalSection
	GlobalSection(ProjectConfigurationPlatforms) = postSolution
		{2BE55675-50E6-49B5-B4A3-ACFCA12B7BB0}.Debug|Any CPU.ActiveCfg = Debug|Any CPU
		{2BE55675-50E6-49B5-B4A3-ACFCA12B7BB0}.Debug|Any CPU.Build.0 = Debug|Any CPU
		{2BE55675-50E6-49B5-B4A3-ACFCA12B7BB0}.Release|Any CPU.ActiveCfg = Release|Any CPU
		{2BE55675-50E6-49B5-B4A3-ACFCA12B7BB0}.Release|Any CPU.Build.0 = Release|Any CPU
	EndGlobalSection
	GlobalSection(SolutionProperties) = preSolution
		HideSolutionNode = FALSE
	EndGlobalSection
	GlobalSection(ExtensibilityGlobals) = postSolution
		SolutionGuid = {37F32BC6-DD47-4A53-90F7-A378F2548736}
	EndGlobalSection
EndGlobal
